
Microsoft Visual Studio Solution File, Format Version 12.00
# Visual Studio Version 17
VisualStudioVersion = 17.2.32414.248
MinimumVisualStudioVersion = 10.0.40219.1
Project("{2150E333-8FDC-42A3-9474-1A3956D46DE8}") = "src", "src", "{FFA6AC09-51A8-45AE-94FF-4869DD4D1E60}"
EndProject
Project("{9A19103F-16F7-4668-BE54-9A1E7A4F7556}") = "ThFnsc.LoopbackRGB", "src\ThFnsc.LoopbackRGB\ThFnsc.LoopbackRGB.csproj", "{5D1151BE-80F8-4F1E-8222-BDDDCEEED4C3}"
EndProject
Global
	GlobalSection(SolutionConfigurationPlatforms) = preSolution
		Debug|Any CPU = Debug|Any CPU
		Release|Any CPU = Release|Any CPU
	EndGlobalSection
	GlobalSection(ProjectConfigurationPlatforms) = postSolution
		{5D1151BE-80F8-4F1E-8222-BDDDCEEED4C3}.Debug|Any CPU.ActiveCfg = Debug|Any CPU
		{5D1151BE-80F8-4F1E-8222-BDDDCEEED4C3}.Debug|Any CPU.Build.0 = Debug|Any CPU
		{5D1151BE-80F8-4F1E-8222-BDDDCEEED4C3}.Release|Any CPU.ActiveCfg = Release|Any CPU
		{5D1151BE-80F8-4F1E-8222-BDDDCEEED4C3}.Release|Any CPU.Build.0 = Release|Any CPU
	EndGlobalSection
	GlobalSection(SolutionProperties) = preSolution
		HideSolutionNode = FALSE
	EndGlobalSection
	GlobalSection(NestedProjects) = preSolution
		{5D1151BE-80F8-4F1E-8222-BDDDCEEED4C3} = {FFA6AC09-51A8-45AE-94FF-4869DD4D1E60}
	EndGlobalSection
	GlobalSection(ExtensibilityGlobals) = postSolution
		SolutionGuid = {BD2B647E-0120-4EF6-82AE-BD816786422C}
	EndGlobalSection
EndGlobal
